# This file is automatically @generated by Cargo.
# It is not intended for manual editing.
version = 3

[[package]]
name = "aho-corasick"
version = "1.1.4"
source = "registry+https://github.com/rust-lang/crates.io-index"
checksum = "ddd31a130427c27518df266943a5308ed92d4b226cc639f5a8f1002816174301"
dependencies = [
 "memchr",
]

[[package]]
name = "arrayvec"
version = "0.7.8"
source = "registry+https://github.com/rust-lang/crates.io-index"
checksum = "d3fb67a6e08acf24fdeccbac2cb6ac4305825bd1f117462e0e6f2f193345ad56"

[[package]]
name = "base58ck"
version = "0.1.101"
source = "registry+https://github.com/rust-lang/crates.io-index"
checksum = "365c0acd5b2e8dd0111a46c4faea83fb3cfb6e39a49a7c73a06e090db7b2eff0"
dependencies = [
 "bitcoin_hashes 0.14.101",
]

[[package]]
name = "base58ck"
version = "0.4.0"
source = "registry+https://github.com/rust-lang/crates.io-index"
checksum = "ed6a87a8367e7a4248c8dfd783c37ef492bca1307cd4b21b4cfad9cfd15bf060"
dependencies = [
 "bitcoin-internals",
 "bitcoin_hashes 0.20.0",
]

[[package]]
name = "base64"
version = "0.22.1"
source = "registry+https://github.com/rust-lang/crates.io-index"
checksum = "72b3254f16251a8381aa12e40e3c4d2f0199f8c6508fbecb9d91f575e0fbb8c6"

[[package]]
name = "bech32"
version = "0.11.1"
source = "registry+https://github.com/rust-lang/crates.io-index"
checksum = "32637268377fc7b10a8c6d51de3e7fba1ce5dd371a96e342b34e6078db558e7f"

[[package]]
name = "bitcoin"
version = "0.32.101"
source = "registry+https://github.com/rust-lang/crates.io-index"
checksum = "8ed8ccb78a9ff7a6fbb90e2fb9b8588b4a9928d49d8af3cb789108a84ea6b0ce"
dependencies = [
 "base58ck 0.1.101",
 "bech32",
 "bitcoin-io 0.1.101",
 "bitcoin-units 0.1.101",
 "bitcoin_hashes 0.14.101",
 "hex-conservative 0.2.2",
 "hex_lit",
 "secp256k1 0.29.1",
]

[[package]]
name = "bitcoin"
version = "0.33.0-beta"
source = "registry+https://github.com/rust-lang/crates.io-index"
checksum = "517161def4ca8527bfc4ba36efe5b40923024f73308a1f9c0fc5cca1bee2f536"
dependencies = [
 "base58ck 0.4.0",
 "base64",
 "bech32",
 "bitcoin-consensus-encoding 0.1.0",
 "bitcoin-internals",
 "bitcoin-io 0.5.0",
 "bitcoin-network-kind",
 "bitcoin-primitives",
 "bitcoin-units 0.3.0",
 "bitcoin_hashes 0.20.0",
 "bitcoinconsensus",
 "hex-conservative 0.3.2",
 "hex-conservative 1.2.0",
 "secp256k1 0.32.0-beta.2",
 "serde",
]

[[package]]
name = "bitcoin-consensus-encoding"
version = "0.1.0"
source = "registry+https://github.com/rust-lang/crates.io-index"
checksum = "e8d7ca3dc8ff835693ad73bf1596240c06f974a31eeb3f611aaedf855f1f2725"
dependencies = [
 "bitcoin-internals",
]

[[package]]
name = "bitcoin-consensus-encoding"
version = "1.0.0"
source = "registry+https://github.com/rust-lang/crates.io-index"
checksum = "b2d6094e2a1ba3c93b5a596fe5a10d1a10c3c6e06785cde89f693a044c01aa40"
dependencies = [
 "bitcoin-internals",
]

[[package]]
name = "bitcoin-internals"
version = "0.5.0"
source = "registry+https://github.com/rust-lang/crates.io-index"
checksum = "a30a22d1f112dde8e16be7b45c63645dc165cef254f835b3e1e9553e485cfa64"
dependencies = [
 "hex-conservative 0.3.2",
 "serde",
]

[[package]]
name = "bitcoin-io"
version = "0.1.101"
source = "registry+https://github.com/rust-lang/crates.io-index"
checksum = "bb5de036369d1ac59d3c1819ebc4d850f89466f5401c571a285b6ed564a4cb78"
dependencies = [
 "bitcoin-consensus-encoding 1.0.0",
]

[[package]]
name = "bitcoin-io"
version = "0.5.0"
source = "registry+https://github.com/rust-lang/crates.io-index"
checksum = "f6fb823712b12e5cfccdb9a2b6a62de2dc42ddb5ec489511025eebeba1c21829"
dependencies = [
 "bitcoin-consensus-encoding 0.1.0",
 "bitcoin-internals",
 "bitcoin_hashes 0.20.0",
]

[[package]]
name = "bitcoin-network-kind"
version = "0.1.0"
source = "registry+https://github.com/rust-lang/crates.io-index"
checksum = "f85911fdff634a2e65f8175a54e609172a718d385ab4da87937f166d37eef4a3"
dependencies = [
 "bitcoin-internals",
 "serde",
]

[[package]]
name = "bitcoin-primitives"
version = "0.102.0"
source = "registry+https://github.com/rust-lang/crates.io-index"
checksum = "48379e4d9a4456c038d78551ccbb8a3d7f9514c799f51ae815a6e947d64c9efe"
dependencies = [
 "bitcoin-consensus-encoding 0.1.0",
 "bitcoin-internals",
 "bitcoin-units 0.3.0",
 "bitcoin_hashes 0.20.0",
 "hex-conservative 0.3.2",
 "hex-conservative 1.2.0",
 "serde",
]

[[package]]
name = "bitcoin-units"
version = "0.1.101"
source = "registry+https://github.com/rust-lang/crates.io-index"
checksum = "9cb95693f371d089a4b5b6fc41c6f3ea6e01ee8c15388335dfac8ea685173b51"
dependencies = [
 "bitcoin-consensus-encoding 1.0.0",
]

[[package]]
name = "bitcoin-units"
version = "0.3.0"
source = "registry+https://github.com/rust-lang/crates.io-index"
checksum = "4fe8fafd73be14659c450deb64f90d2fd5a354fce366a01223a8319cf4d98b40"
dependencies = [
 "bitcoin-consensus-encoding 0.1.0",
 "bitcoin-internals",
 "serde",
]

[[package]]
name = "bitcoin_hashes"
version = "0.14.101"
source = "registry+https://github.com/rust-lang/crates.io-index"
checksum = "bca4c7abb40c8817d77403c880988cfd484f23ab2365726afb2f798363e2c4a2"
dependencies = [
 "bitcoin-io 0.1.101",
 "hex-conservative 0.2.2",
]

[[package]]
name = "bitcoin_hashes"
version = "0.20.0"
source = "registry+https://github.com/rust-lang/crates.io-index"
checksum = "9a8a45c2b41c457a9a9e4670422fcbdf109afb3b22bc920b4045e8bdfd788a3d"
dependencies = [
 "bitcoin-consensus-encoding 0.1.0",
 "bitcoin-internals",
 "hex-conservative 0.3.2",
 "serde",
]

[[package]]
name = "bitcoinconsensus"
version = "0.106.0+26.0"
source = "registry+https://github.com/rust-lang/crates.io-index"
checksum = "e12cba9cce5043cdda968e07b9df6d05ec6b0b38aa27a9a40bb575cf3e521ae9"
dependencies = [
 "cc",
]

[[package]]
name = "cc"
version = "1.2.65"
source = "registry+https://github.com/rust-lang/crates.io-index"
checksum = "e228eec9be7c17ccb640b59b36a5cd805ea2a564a4c5e162c2f659fea30d3b96"
dependencies = [
 "find-msvc-tools",
 "shlex",
]

[[package]]
name = "cfg-if"
version = "1.0.4"
source = "registry+https://github.com/rust-lang/crates.io-index"
checksum = "9330f8b2ff13f34540b44e946ef35111825727b38d33286ef986142615121801"

[[package]]
name = "descriptor-fuzz"
version = "0.0.1"
dependencies = [
 "honggfuzz",
 "miniscript 12.3.7",
 "miniscript 13.0.0",
 "regex",
]

[[package]]
name = "find-msvc-tools"
version = "0.1.9"
source = "registry+https://github.com/rust-lang/crates.io-index"
checksum = "5baebc0774151f905a1a2cc41989300b1e6fbb29aff0ceffa1064fdd3088d582"

[[package]]
name = "getrandom"
version = "0.3.4"
source = "registry+https://github.com/rust-lang/crates.io-index"
checksum = "899def5c37c4fd7b2664648c28120ecec138e4d395b459e5ca34f9cce2dd77fd"
dependencies = [
 "cfg-if",
 "libc",
 "r-efi",
 "wasip2",
]

[[package]]
name = "hex-conservative"
version = "0.2.2"
source = "registry+https://github.com/rust-lang/crates.io-index"
checksum = "fda06d18ac606267c40c04e41b9947729bf8b9efe74bd4e82b61a5f26a510b9f"
dependencies = [
 "arrayvec",
]

[[package]]
name = "hex-conservative"
version = "0.3.2"
source = "registry+https://github.com/rust-lang/crates.io-index"
checksum = "830e599c2904b08f0834ee6337d8fe8f0ed4a63b5d9e7a7f49c0ffa06d08d360"
dependencies = [
 "arrayvec",
]

[[package]]
name = "hex-conservative"
version = "1.2.0"
source = "registry+https://github.com/rust-lang/crates.io-index"
checksum = "35431185f361ccf3ffc58254628af5f1f5d5f28531da2e02e5d6c82bbc282a10"
dependencies = [
 "arrayvec",
]

[[package]]
name = "hex_lit"
version = "0.1.1"
source = "registry+https://github.com/rust-lang/crates.io-index"
checksum = "3011d1213f159867b13cfd6ac92d2cd5f1345762c63be3554e84092d85a50bbd"

[[package]]
name = "honggfuzz"
version = "0.5.61"
source = "registry+https://github.com/rust-lang/crates.io-index"
checksum = "678348f51c57c07f02a7a69e7a0ac6455c50cd4d8f0136670b34eab8e0a69be8"
dependencies = [
 "lazy_static",
 "memmap2",
 "rustc_version",
 "semver",
]

[[package]]
name = "lazy_static"
version = "1.5.0"
source = "registry+https://github.com/rust-lang/crates.io-index"
checksum = "bbd2bcb4c963f2ddae06a2efc7e9f3591312473c50c6685e1f298068316e66fe"

[[package]]
name = "libc"
version = "0.2.186"
source = "registry+https://github.com/rust-lang/crates.io-index"
checksum = "68ab91017fe16c622486840e4c83c9a37afeff978bd239b5293d61ece587de66"

[[package]]
name = "memchr"
version = "2.8.2"
source = "registry+https://github.com/rust-lang/crates.io-index"
checksum = "88904434abc2901f197fe8cc55f0445e7ded921dba5911dad2e2b39b48e663c4"

[[package]]
name = "memmap2"
version = "0.9.11"
source = "registry+https://github.com/rust-lang/crates.io-index"
checksum = "d1219ed1b7f229ee7104d281dd01d6802fe28bb6e95d292942c4daacdeb798c0"
dependencies = [
 "libc",
]

[[package]]
name = "miniscript"
version = "12.3.7"
source = "registry+https://github.com/rust-lang/crates.io-index"
checksum = "b8343cc1ef1408bd9bdbf69f7aef47017dfab7e6349ec26fddf62e0e9fb5a4cf"
dependencies = [
 "bech32",
 "bitcoin 0.32.101",
]

[[package]]
name = "miniscript"
version = "13.0.0"
dependencies = [
 "bech32",
 "bitcoin 0.33.0-beta",
 "hex-conservative 1.2.0",
 "secp256k1 0.32.0-beta.2",
 "serde",
 "serde_test",
]

[[package]]
name = "ppv-lite86"
version = "0.2.21"
source = "registry+https://github.com/rust-lang/crates.io-index"
checksum = "85eae3c4ed2f50dcfe72643da4befc30deadb458a9b590d720cde2f2b1e97da9"
dependencies = [
 "zerocopy",
]

[[package]]
name = "proc-macro2"
version = "1.0.106"
source = "registry+https://github.com/rust-lang/crates.io-index"
checksum = "8fd00f0bb2e90d81d1044c2b32617f68fcb9fa3bb7640c23e9c748e53fb30934"
dependencies = [
 "unicode-ident",
]

[[package]]
name = "quote"
version = "1.0.46"
source = "registry+https://github.com/rust-lang/crates.io-index"
checksum = "dfbc457d0c7a0759a614551b11a6409e5951f6c7537be1f1b7682b9ae9230368"
dependencies = [
 "proc-macro2",
]

[[package]]
name = "r-efi"
version = "5.3.0"
source = "registry+https://github.com/rust-lang/crates.io-index"
checksum = "69cdb34c158ceb288df11e18b4bd39de994f6657d83847bdffdbd7f346754b0f"

[[package]]
name = "rand"
version = "0.9.4"
source = "registry+https://github.com/rust-lang/crates.io-index"
checksum = "44c5af06bb1b7d3216d91932aed5265164bf384dc89cd6ba05cf59a35f5f76ea"
dependencies = [
 "rand_chacha",
 "rand_core",
]

[[package]]
name = "rand_chacha"
version = "0.9.0"
source = "registry+https://github.com/rust-lang/crates.io-index"
checksum = "d3022b5f1df60f26e1ffddd6c66e8aa15de382ae63b3a0c1bfc0e4d3e3f325cb"
dependencies = [
 "ppv-lite86",
 "rand_core",
]

[[package]]
name = "rand_core"
version = "0.9.5"
source = "registry+https://github.com/rust-lang/crates.io-index"
checksum = "76afc826de14238e6e8c374ddcc1fa19e374fd8dd986b0d2af0d02377261d83c"
dependencies = [
 "getrandom",
]

[[package]]
name = "regex"
version = "1.12.4"
source = "registry+https://github.com/rust-lang/crates.io-index"
checksum = "f1292b7759ae1cb9ec195452d1390a074f0cd8541ab7a5a8c31cd6db45d4a6ba"
dependencies = [
 "aho-corasick",
 "memchr",
 "regex-automata",
 "regex-syntax",
]

[[package]]
name = "regex-automata"
version = "0.4.14"
source = "registry+https://github.com/rust-lang/crates.io-index"
checksum = "6e1dd4122fc1595e8162618945476892eefca7b88c52820e74af6262213cae8f"
dependencies = [
 "aho-corasick",
 "memchr",
 "regex-syntax",
]

[[package]]
name = "regex-syntax"
version = "0.8.11"
source = "registry+https://github.com/rust-lang/crates.io-index"
checksum = "d6f6ff9a378485b298a5286656da665ba74413d36db0979633275d2e708145d4"

[[package]]
name = "rustc_version"
version = "0.4.1"
source = "registry+https://github.com/rust-lang/crates.io-index"
checksum = "cfcb3a22ef46e85b45de6ee7e79d063319ebb6594faafcf1c225ea92ab6e9b92"
dependencies = [
 "semver",
]

[[package]]
name = "secp256k1"
version = "0.29.1"
source = "registry+https://github.com/rust-lang/crates.io-index"
checksum = "9465315bc9d4566e1724f0fffcbcc446268cb522e60f9a27bcded6b19c108113"
dependencies = [
 "bitcoin_hashes 0.14.101",
 "secp256k1-sys 0.10.1",
]

[[package]]
name = "secp256k1"
version = "0.32.0-beta.2"
source = "registry+https://github.com/rust-lang/crates.io-index"
checksum = "3c5fdc7d6e800869d3fd60ff857c479bf0a83ea7bf44b389e64461e844204994"
dependencies = [
 "rand",
 "secp256k1-sys 0.12.0",
 "serde",
]

[[package]]
name = "secp256k1-sys"
version = "0.10.1"
source = "registry+https://github.com/rust-lang/crates.io-index"
checksum = "d4387882333d3aa8cb20530a17c69a3752e97837832f34f6dccc760e715001d9"
dependencies = [
 "cc",
]

[[package]]
name = "secp256k1-sys"
version = "0.12.0"
source = "registry+https://github.com/rust-lang/crates.io-index"
checksum = "6d3be00697c88c00fe102af8dc316038cc2062eab8da646e7463f4c0e70ca9fd"
dependencies = [
 "cc",
]

[[package]]
name = "semver"
version = "1.0.28"
source = "registry+https://github.com/rust-lang/crates.io-index"
checksum = "8a7852d02fc848982e0c167ef163aaff9cd91dc640ba85e263cb1ce46fae51cd"

[[package]]
name = "serde"
version = "1.0.228"
source = "registry+https://github.com/rust-lang/crates.io-index"
checksum = "9a8e94ea7f378bd32cbbd37198a4a91436180c5bb472411e48b5ec2e2124ae9e"
dependencies = [
 "serde_core",
 "serde_derive",
]

[[package]]
name = "serde_core"
version = "1.0.228"
source = "registry+https://github.com/rust-lang/crates.io-index"
checksum = "41d385c7d4ca58e59fc732af25c3983b67ac852c1a25000afe1175de458b67ad"
dependencies = [
 "serde_derive",
]

[[package]]
name = "serde_derive"
version = "1.0.228"
source = "registry+https://github.com/rust-lang/crates.io-index"
checksum = "d540f220d3187173da220f885ab66608367b6574e925011a9353e4badda91d79"
dependencies = [
 "proc-macro2",
 "quote",
 "syn",
]

[[package]]
name = "serde_test"
version = "1.0.177"
source = "registry+https://github.com/rust-lang/crates.io-index"
checksum = "7f901ee573cab6b3060453d2d5f0bae4e6d628c23c0a962ff9b5f1d7c8d4f1ed"
dependencies = [
 "serde",
]

[[package]]
name = "shlex"
version = "2.0.1"
source = "registry+https://github.com/rust-lang/crates.io-index"
checksum = "f8fadd59c855ef2080decdef8ff161eb6661b86933c9d82e5ba29dc602a55aba"

[[package]]
name = "syn"
version = "2.0.118"
source = "registry+https://github.com/rust-lang/crates.io-index"
checksum = "1b9ae57f904213ebb649ce6895b8a66c66f0203b9319718f69a5612a065b1422"
dependencies = [
 "proc-macro2",
 "quote",
 "unicode-ident",
]

[[package]]
name = "unicode-ident"
version = "1.0.24"
source = "registry+https://github.com/rust-lang/crates.io-index"
checksum = "e6e4313cd5fcd3dad5cafa179702e2b244f760991f45397d14d4ebf38247da75"

[[package]]
name = "wasip2"
version = "1.0.4+wasi-0.2.12"
source = "registry+https://github.com/rust-lang/crates.io-index"
checksum = "b67efb37e106e55ce722a510d6b5f9c17f083e5fc79afc2badeb12cc313d9487"
dependencies = [
 "wit-bindgen",
]

[[package]]
name = "wit-bindgen"
version = "0.57.1"
source = "registry+https://github.com/rust-lang/crates.io-index"
checksum = "1ebf944e87a7c253233ad6766e082e3cd714b5d03812acc24c318f549614536e"

[[package]]
name = "zerocopy"
version = "0.8.52"
source = "registry+https://github.com/rust-lang/crates.io-index"
checksum = "ce1022995ff5ff5d841ad7d994facc23098cd40152f2c1d11cd607c6f530653f"
dependencies = [
 "zerocopy-derive",
]

[[package]]
name = "zerocopy-derive"
version = "0.8.52"
source = "registry+https://github.com/rust-lang/crates.io-index"
checksum = "1ae7f38b72ec2a254e2b87ef277cf2cd4fb97cbebf944faa6f33354da0867930"
dependencies = [
 "proc-macro2",
 "quote",
 "syn",
]
